
Microsoft Visual Studio Solution File, Format Version 12.00
# Visual Studio Version 16
VisualStudioVersion = 16.0.30320.27
MinimumVisualStudioVersion = 10.0.40219.1
Project("{FAE04EC0-301F-11D3-BF4B-00C04F79EFBC}") = "StorageHistory", "StorageHistory.csproj", "{26EF65ED-6E07-4A3E-A618-6BFC81E5496F}"
EndProject
Project("{2150E333-8FDC-42A3-9474-1A3956D46DE8}") = "Solution Items", "Solution Items", "{5D360682-845C-465F-B259-81612FA0B7A8}"
EndProject
Global
	GlobalSection(SolutionConfigurationPlatforms) = preSolution
		Debug|Any CPU = Debug|Any CPU
		Release|Any CPU = Release|Any CPU
	EndGlobalSection
	GlobalSection(ProjectConfigurationPlatforms) = postSolution
		{26EF65ED-6E07-4A3E-A618-6BFC81E5496F}.Debug|Any CPU.ActiveCfg = Debug|Any CPU
		{26EF65ED-6E07-4A3E-A618-6BFC81E5496F}.Debug|Any CPU.Build.0 = Debug|Any CPU
		{26EF65ED-6E07-4A3E-A618-6BFC81E5496F}.Debug|Any CPU.Deploy.0 = Debug|Any CPU
		{26EF65ED-6E07-4A3E-A618-6BFC81E5496F}.Release|Any CPU.ActiveCfg = Release|Any CPU
		{26EF65ED-6E07-4A3E-A618-6BFC81E5496F}.Release|Any CPU.Build.0 = Release|Any CPU
		{26EF65ED-6E07-4A3E-A618-6BFC81E5496F}.Release|Any CPU.Deploy.0 = Release|Any CPU
	EndGlobalSection
	GlobalSection(SolutionProperties) = preSolution
		HideSolutionNode = FALSE
	EndGlobalSection
	GlobalSection(ExtensibilityGlobals) = postSolution
		SolutionGuid = {14EBE2A7-AA5E-4F7F-93DD-CAFB31462BAE}
	EndGlobalSection
EndGlobal
